<?xml version="1.0" encoding="utf-8"?>
<Project ToolsVersion="4.0" xmlns="http://schemas.microsoft.com/developer/msbuild/2003">
  <ItemGroup>
    <Filter Include="소스 파일">
      <UniqueIdentifier>{4FC737F1-C7A5-4376-A066-2A32D752A2FF}</UniqueIdentifier>
      <Extensions>cpp;c;cc;cxx;c++;cppm;ixx;def;odl;idl;hpj;bat;asm;asmx</Extensions>
    </Filter>
    <Filter Include="헤더 파일">
      <UniqueIdentifier>{93995380-89BD-4b04-88EB-625FBE52EBFB}</UniqueIdentifier>
      <Extensions>h;hh;hpp;hxx;h++;hm;inl;inc;ipp;xsd</Extensions>
    </Filter>
    <Filter Include="리소스 파일">
      <UniqueIdentifier>{67DA6AB6-F800-4c08-8B7A-83BB121AAD01}</UniqueIdentifier>
      <Extensions>rc;ico;cur;bmp;dlg;rc2;rct;bin;rgs;gif;jpg;jpeg;jpe;resx;tiff;tif;png;wav;mfcribbon-ms</Extensions>
    </Filter>
  </ItemGroup>
  <ItemGroup>
    <ClCompile Include="Tetris.cpp">
      <Filter>소스 파일</Filter>
    </ClCompile>
    <ClCompile Include="core\src\blocks.c">
      <Filter>소스 파일</Filter>
    </ClCompile>
    <ClCompile Include="core\src\board.c">
      <Filter>소스 파일</Filter>
    </ClCompile>
    <ClCompile Include="core\src\color.c">
      <Filter>소스 파일</Filter>
    </ClCompile>
    <ClCompile Include="driver\src\cell.c">
      <Filter>소스 파일</Filter>
    </ClCompile>
    <ClCompile Include="driver\src\console.c">
      <Filter>소스 파일</Filter>
    </ClCompile>
    <ClCompile Include="driver\src\cursor.c">
      <Filter>소스 파일</Filter>
    </ClCompile>
    <ClCompile Include="driver\src\key_driver.c">
      <Filter>소스 파일</Filter>
    </ClCompile>
    <ClCompile Include="driver\src\sound.c">
      <Filter>소스 파일</Filter>
    </ClCompile>
    <ClCompile Include="main.cpp">
      <Filter>소스 파일</Filter>
    </ClCompile>
  </ItemGroup>
  <ItemGroup>
    <ClInclude Include="core\inc\blocks.h">
      <Filter>헤더 파일</Filter>
    </ClInclude>
    <ClInclude Include="core\inc\board.h">
      <Filter>헤더 파일</Filter>
    </ClInclude>
    <ClInclude Include="core\inc\color.h">
      <Filter>헤더 파일</Filter>
    </ClInclude>
    <ClInclude Include="core\inc\point.h">
      <Filter>헤더 파일</Filter>
    </ClInclude>
    <ClInclude Include="driver\inc\cell.h">
      <Filter>헤더 파일</Filter>
    </ClInclude>
    <ClInclude Include="driver\inc\console.h">
      <Filter>헤더 파일</Filter>
    </ClInclude>
    <ClInclude Include="driver\inc\cursor.h">
      <Filter>헤더 파일</Filter>
    </ClInclude>
    <ClInclude Include="driver\inc\key_code.h">
      <Filter>헤더 파일</Filter>
    </ClInclude>
    <ClInclude Include="driver\inc\key_config.h">
      <Filter>헤더 파일</Filter>
    </ClInclude>
    <ClInclude Include="driver\inc\key_driver.h">
      <Filter>헤더 파일</Filter>
    </ClInclude>
    <ClInclude Include="model.h">
      <Filter>헤더 파일</Filter>
    </ClInclude>
    <ClInclude Include="IGame.h">
      <Filter>헤더 파일</Filter>
    </ClInclude>
    <ClInclude Include="Tetris.h">
      <Filter>헤더 파일</Filter>
    </ClInclude>
  </ItemGroup>
</Project>